
Microsoft Visual Studio Solution File, Format Version 12.00
# Visual Studio Version 16
VisualStudioVersion = 16.0.30114.105
MinimumVisualStudioVersion = 10.0.40219.1
Project("{FAE04EC0-301F-11D3-BF4B-00C04F79EFBC}") = "TDL.API", "TDL.API\TDL.API.csproj", "{7A81F150-201D-4607-A426-3BA0A6BE6A9A}"
EndProject
Project("{FAE04EC0-301F-11D3-BF4B-00C04F79EFBC}") = "TDL.API.Repository", "TDL.API.Repository\TDL.API.Repository.csproj", "{E54AF747-3AF5-4A76-B9CD-99DAEC49539E}"
EndProject
Project("{FAE04EC0-301F-11D3-BF4B-00C04F79EFBC}") = "TDL.API.Services", "TDL.API.Services\TDL.API.Services.csproj", "{F9C45EB6-437B-4D3A-A695-85FF3573EAD9}"
EndProject
Project("{FAE04EC0-301F-11D3-BF4B-00C04F79EFBC}") = "TDL.Common", "TDL.Common\TDL.Common.csproj", "{BC6F9803-B5E7-4C7B-BC12-4E67B5F43217}"
EndProject
Project("{FAE04EC0-301F-11D3-BF4B-00C04F79EFBC}") = "TDL.App", "TDL.App\TDL.App.csproj", "{B003EA34-3F41-404F-8F7D-46F50805E642}"
EndProject
Project("{FAE04EC0-301F-11D3-BF4B-00C04F79EFBC}") = "TDL.App.Data", "TDL.App.Data\TDL.App.Data.csproj", "{5BA38199-B7F0-4F10-BD5A-0193493059FD}"
EndProject
Project("{FAE04EC0-301F-11D3-BF4B-00C04F79EFBC}") = "TDL.App.Services", "TDL.App.Services\TDL.App.Services.csproj", "{CD766898-B7A4-4694-9401-437932081E3D}"
EndProject
Global
	GlobalSection(SolutionConfigurationPlatforms) = preSolution
		Debug|Any CPU = Debug|Any CPU
		Release|Any CPU = Release|Any CPU
	EndGlobalSection
	GlobalSection(SolutionProperties) = preSolution
		HideSolutionNode = FALSE
	EndGlobalSection
	GlobalSection(ProjectConfigurationPlatforms) = postSolution
		{7A81F150-201D-4607-A426-3BA0A6BE6A9A}.Debug|Any CPU.ActiveCfg = Debug|Any CPU
		{7A81F150-201D-4607-A426-3BA0A6BE6A9A}.Debug|Any CPU.Build.0 = Debug|Any CPU
		{7A81F150-201D-4607-A426-3BA0A6BE6A9A}.Release|Any CPU.ActiveCfg = Release|Any CPU
		{7A81F150-201D-4607-A426-3BA0A6BE6A9A}.Release|Any CPU.Build.0 = Release|Any CPU
		{E54AF747-3AF5-4A76-B9CD-99DAEC49539E}.Debug|Any CPU.ActiveCfg = Debug|Any CPU
		{E54AF747-3AF5-4A76-B9CD-99DAEC49539E}.Debug|Any CPU.Build.0 = Debug|Any CPU
		{E54AF747-3AF5-4A76-B9CD-99DAEC49539E}.Release|Any CPU.ActiveCfg = Release|Any CPU
		{E54AF747-3AF5-4A76-B9CD-99DAEC49539E}.Release|Any CPU.Build.0 = Release|Any CPU
		{F9C45EB6-437B-4D3A-A695-85FF3573EAD9}.Debug|Any CPU.ActiveCfg = Debug|Any CPU
		{F9C45EB6-437B-4D3A-A695-85FF3573EAD9}.Debug|Any CPU.Build.0 = Debug|Any CPU
		{F9C45EB6-437B-4D3A-A695-85FF3573EAD9}.Release|Any CPU.ActiveCfg = Release|Any CPU
		{F9C45EB6-437B-4D3A-A695-85FF3573EAD9}.Release|Any CPU.Build.0 = Release|Any CPU
		{BC6F9803-B5E7-4C7B-BC12-4E67B5F43217}.Debug|Any CPU.ActiveCfg = Debug|Any CPU
		{BC6F9803-B5E7-4C7B-BC12-4E67B5F43217}.Debug|Any CPU.Build.0 = Debug|Any CPU
		{BC6F9803-B5E7-4C7B-BC12-4E67B5F43217}.Release|Any CPU.ActiveCfg = Release|Any CPU
		{BC6F9803-B5E7-4C7B-BC12-4E67B5F43217}.Release|Any CPU.Build.0 = Release|Any CPU
		{B003EA34-3F41-404F-8F7D-46F50805E642}.Debug|Any CPU.ActiveCfg = Debug|Any CPU
		{B003EA34-3F41-404F-8F7D-46F50805E642}.Debug|Any CPU.Build.0 = Debug|Any CPU
		{B003EA34-3F41-404F-8F7D-46F50805E642}.Release|Any CPU.ActiveCfg = Release|Any CPU
		{B003EA34-3F41-404F-8F7D-46F50805E642}.Release|Any CPU.Build.0 = Release|Any CPU
		{5BA38199-B7F0-4F10-BD5A-0193493059FD}.Debug|Any CPU.ActiveCfg = Debug|Any CPU
		{5BA38199-B7F0-4F10-BD5A-0193493059FD}.Debug|Any CPU.Build.0 = Debug|Any CPU
		{5BA38199-B7F0-4F10-BD5A-0193493059FD}.Release|Any CPU.ActiveCfg = Release|Any CPU
		{5BA38199-B7F0-4F10-BD5A-0193493059FD}.Release|Any CPU.Build.0 = Release|Any CPU
		{CD766898-B7A4-4694-9401-437932081E3D}.Debug|Any CPU.ActiveCfg = Debug|Any CPU
		{CD766898-B7A4-4694-9401-437932081E3D}.Debug|Any CPU.Build.0 = Debug|Any CPU
		{CD766898-B7A4-4694-9401-437932081E3D}.Release|Any CPU.ActiveCfg = Release|Any CPU
		{CD766898-B7A4-4694-9401-437932081E3D}.Release|Any CPU.Build.0 = Release|Any CPU
	EndGlobalSection
EndGlobal
